
Microsoft Visual Studio Solution File, Format Version 12.00
# Visual Studio Version 17
VisualStudioVersion = 17.6.33723.286
MinimumVisualStudioVersion = 10.0.40219.1
Project("{9A19103F-16F7-4668-BE54-9A1E7A4F7556}") = "BlazorEcommerce.Server", "Server\BlazorEcommerce.Server.csproj", "{FF15C9E4-9B15-4657-97F8-46438BE4DC43}"
EndProject
Project("{9A19103F-16F7-4668-BE54-9A1E7A4F7556}") = "BlazorEcommerce.Client", "Client\BlazorEcommerce.Client.csproj", "{7483E286-D0C3-40AC-8A12-2201C08D5B41}"
EndProject
Project("{9A19103F-16F7-4668-BE54-9A1E7A4F7556}") = "BlazorEcommerce.Shared", "Shared\BlazorEcommerce.Shared.csproj", "{D654D31D-C985-4B18-9AC7-B016BD1C6929}"
EndProject
Global
	GlobalSection(SolutionConfigurationPlatforms) = preSolution
		Debug|Any CPU = Debug|Any CPU
		Release|Any CPU = Release|Any CPU
	EndGlobalSection
	GlobalSection(ProjectConfigurationPlatforms) = postSolution
		{FF15C9E4-9B15-4657-97F8-46438BE4DC43}.Debug|Any CPU.ActiveCfg = Debug|Any CPU
		{FF15C9E4-9B15-4657-97F8-46438BE4DC43}.Debug|Any CPU.Build.0 = Debug|Any CPU
		{FF15C9E4-9B15-4657-97F8-46438BE4DC43}.Release|Any CPU.ActiveCfg = Release|Any CPU
		{FF15C9E4-9B15-4657-97F8-46438BE4DC43}.Release|Any CPU.Build.0 = Release|Any CPU
		{7483E286-D0C3-40AC-8A12-2201C08D5B41}.Debug|Any CPU.ActiveCfg = Debug|Any CPU
		{7483E286-D0C3-40AC-8A12-2201C08D5B41}.Debug|Any CPU.Build.0 = Debug|Any CPU
		{7483E286-D0C3-40AC-8A12-2201C08D5B41}.Release|Any CPU.ActiveCfg = Release|Any CPU
		{7483E286-D0C3-40AC-8A12-2201C08D5B41}.Release|Any CPU.Build.0 = Release|Any CPU
		{D654D31D-C985-4B18-9AC7-B016BD1C6929}.Debug|Any CPU.ActiveCfg = Debug|Any CPU
		{D654D31D-C985-4B18-9AC7-B016BD1C6929}.Debug|Any CPU.Build.0 = Debug|Any CPU
		{D654D31D-C985-4B18-9AC7-B016BD1C6929}.Release|Any CPU.ActiveCfg = Release|Any CPU
		{D654D31D-C985-4B18-9AC7-B016BD1C6929}.Release|Any CPU.Build.0 = Release|Any CPU
	EndGlobalSection
	GlobalSection(SolutionProperties) = preSolution
		HideSolutionNode = FALSE
	EndGlobalSection
	GlobalSection(ExtensibilityGlobals) = postSolution
		SolutionGuid = {50BB498A-7D23-4AE0-A003-A58EF8757372}
	EndGlobalSection
EndGlobal
